# THIS IS AN AUTOGENERATED FILE. DO NOT EDIT THIS FILE DIRECTLY.
# yarn lockfile v1


electron-positioner@^4.1.0:
  version "4.1.0"
  resolved "https://registry.yarnpkg.com/electron-positioner/-/electron-positioner-4.1.0.tgz#e158f8f6aabd6725a8a9b4f2279b9504bcbea1b0"
  integrity sha512-726DfbI9ZNoCg+Fcu6XLuTKTnzf+6nFqv7h+K/V6Ug7IbaPMI7s9S8URnGtWFCy5N5PL4HSzRFF2mXuinftDdg==

menubar@^9.0.4:
  version "9.0.4"
  resolved "https://registry.yarnpkg.com/menubar/-/menubar-9.0.4.tgz#f28a8da6bea7f77720809351262103b80965c348"
  integrity sha512-GaMW1MKobIYEthPyDqKuLnxq6Ae4G37x5XBdP0tP1mRtMmDuK/dewTc1ihhQF8RetGMWkLYlHJUadZro/Sqc7w==
  dependencies:
    electron-positioner "^4.1.0"
